Microsoft Visual Studio Solution File, Format Version 12.00
# Visual Studio Version 17
VisualStudioVersion = 17.5.2.0
MinimumVisualStudioVersion = 10.0.40219.1
Project("{FAE04EC0-301F-11D3-BF4B-00C04F79EFBC}") = "p1", "p1\p1.csproj", "{9764E6DE-2354-29EC-C2CF-5B725A5CD445}"
EndProject
Global
	GlobalSection(SolutionConfigurationPlatforms) = preSolution
		Debug|Any CPU = Debug|Any CPU
		Release|Any CPU = Release|Any CPU
	EndGlobalSection
	GlobalSection(ProjectConfigurationPlatforms) = postSolution
		{9764E6DE-2354-29EC-C2CF-5B725A5CD445}.Debug|Any CPU.ActiveCfg = Debug|Any CPU
		{9764E6DE-2354-29EC-C2CF-5B725A5CD445}.Debug|Any CPU.Build.0 = Debug|Any CPU
		{9764E6DE-2354-29EC-C2CF-5B725A5CD445}.Release|Any CPU.ActiveCfg = Release|Any CPU
		{9764E6DE-2354-29EC-C2CF-5B725A5CD445}.Release|Any CPU.Build.0 = Release|Any CPU
	EndGlobalSection
	GlobalSection(SolutionProperties) = preSolution
		HideSolutionNode = FALSE
	EndGlobalSection
	GlobalSection(ExtensibilityGlobals) = postSolution
		SolutionGuid = {DA9C19B3-22C1-47E8-AF93-58D937016F45}
	EndGlobalSection
EndGlobal
